// !$*UTF8*$!
{
	archiveVersion = 1;
	classes = {
	};
	objectVersion = 50;
	objects = {

/* Begin PBXBuildFile section */
		760EC1D02121706B005F6870 /* AppDelegate.swift in Sources */ = {isa = PBXBuildFile; fileRef = 760EC1CF2121706B005F6870 /* AppDelegate.swift */; };
		760EC1D22121706B005F6870 /* ViewController.swift in Sources */ = {isa = PBXBuildFile; fileRef = 760EC1D12121706B005F6870 /* ViewController.swift */; };
		760EC1D52121706C005F6870 /* Main.storyboard in Resources */ = {isa = PBXBuildFile; fileRef = 760EC1D32121706C005F6870 /* Main.storyboard */; };
		760EC1D72121706F005F6870 /* Assets.xcassets in Resources */ = {isa = PBXBuildFile; fileRef = 760EC1D62121706F005F6870 /* Assets.xcassets */; };
		760EC1DA2121706F005F6870 /* LaunchScreen.storyboard in Resources */ = {isa = PBXBuildFile; fileRef = 760EC1D82121706F005F6870 /* LaunchScreen.storyboard */; };
		760EC1FD212171EC005F6870 /* PKSimplePdfReader.framework in Frameworks */ = {isa = PBXBuildFile; fileRef = 760EC1F4212171EB005F6870 /* PKSimplePdfReader.framework */; };
		760EC204212171EC005F6870 /* PKSimplePdfReaderTests.swift in Sources */ = {isa = PBXBuildFile; fileRef = 760EC203212171EC005F6870 /* PKSimplePdfReaderTests.swift */; };
		760EC206212171EC005F6870 /* PKSimplePdfReader.h in Headers */ = {isa = PBXBuildFile; fileRef = 760EC1F6212171EB005F6870 /* PKSimplePdfReader.h */; settings = {ATTRIBUTES = (Public, ); }; };
		760EC20A212171EC005F6870 /* PKSimplePdfReader.framework in Embed Frameworks */ = {isa = PBXBuildFile; fileRef = 760EC1F4212171EB005F6870 /* PKSimplePdfReader.framework */; settings = {ATTRIBUTES = (CodeSignOnCopy, RemoveHeadersOnCopy, ); }; };
		760EC21921217264005F6870 /* ContentPageView.swift in Sources */ = {isa = PBXBuildFile; fileRef = 760EC21321217263005F6870 /* ContentPageView.swift */; };
		760EC21A21217264005F6870 /* PKCurlReader.swift in Sources */ = {isa = PBXBuildFile; fileRef = 760EC21421217263005F6870 /* PKCurlReader.swift */; };
		760EC21B21217264005F6870 /* ScrollView.swift in Sources */ = {isa = PBXBuildFile; fileRef = 760EC21521217263005F6870 /* ScrollView.swift */; };
		760EC21C21217264005F6870 /* ContentViewController.swift in Sources */ = {isa = PBXBuildFile; fileRef = 760EC21621217263005F6870 /* ContentViewController.swift */; };
		760EC21D21217264005F6870 /* ThumbnailViewController.swift in Sources */ = {isa = PBXBuildFile; fileRef = 760EC21721217263005F6870 /* ThumbnailViewController.swift */; };
		760EC21E21217264005F6870 /* Slider.swift in Sources */ = {isa = PBXBuildFile; fileRef = 760EC21821217263005F6870 /* Slider.swift */; };
		760EC221212175A6005F6870 /* input_pdf1.pdf in Resources */ = {isa = PBXBuildFile; fileRef = 760EC220212175A6005F6870 /* input_pdf1.pdf */; };
		760EC22321217779005F6870 /* PKSimplePdfReader.swift in Sources */ = {isa = PBXBuildFile; fileRef = 760EC22221217779005F6870 /* PKSimplePdfReader.swift */; };
		7621524B212E2E9E0035B0CF /* CropMarginViewController.swift in Sources */ = {isa = PBXBuildFile; fileRef = 7621524A212E2E9E0035B0CF /* CropMarginViewController.swift */; };
		7621524E212FEB0C0035B0CF /* CropHandleView.swift in Sources */ = {isa = PBXBuildFile; fileRef = 7621524D212FEB0C0035B0CF /* CropHandleView.swift */; };
		76215250212FEBBA0035B0CF /* CropManipulateView.swift in Sources */ = {isa = PBXBuildFile; fileRef = 7621524F212FEBBA0035B0CF /* CropManipulateView.swift */; };
		7621529C21353B150035B0CF /* MD5Digest.swift in Sources */ = {isa = PBXBuildFile; fileRef = 7621529B21353B150035B0CF /* MD5Digest.swift */; };
		762152AA21367C200035B0CF /* ThumbnailCell.swift in Sources */ = {isa = PBXBuildFile; fileRef = 762152A921367C200035B0CF /* ThumbnailCell.swift */; };
		762152E52136D7340035B0CF /* Extensions.swift in Sources */ = {isa = PBXBuildFile; fileRef = 762152E42136D7340035B0CF /* Extensions.swift */; };
		762B3A57213B7E29005100DB /* ThumbnailStore.swift in Sources */ = {isa = PBXBuildFile; fileRef = 762B3A56213B7E29005100DB /* ThumbnailStore.swift */; };
		76B1CE3D2146A5E30037B6FC /* PDFKitReader.swift in Sources */ = {isa = PBXBuildFile; fileRef = 76B1CE3C2146A5E30037B6FC /* PDFKitReader.swift */; };
		76BDEEC4213CDF8D00C6AD0E /* input_pdf.pdf in Resources */ = {isa = PBXBuildFile; fileRef = 76BDEEC3213CDF8D00C6AD0E /* input_pdf.pdf */; };
/* End PBXBuildFile section */

/* Begin PBXContainerItemProxy section */
		760EC1FE212171EC005F6870 /* PBXContainerItemProxy */ = {
			isa = PBXContainerItemProxy;
			containerPortal = 760EC1C42121706B005F6870 /* Project object */;
			proxyType = 1;
			remoteGlobalIDString = 760EC1F3212171EB005F6870;
			remoteInfo = PKSimplePdfReader;
		};
		760EC200212171EC005F6870 /* PBXContainerItemProxy */ = {
			isa = PBXContainerItemProxy;
			containerPortal = 760EC1C42121706B005F6870 /* Project object */;
			proxyType = 1;
			remoteGlobalIDString = 760EC1CB2121706B005F6870;
			remoteInfo = PKSimplePdfReaderDemo;
		};
		760EC207212171EC005F6870 /* PBXContainerItemProxy */ = {
			isa = PBXContainerItemProxy;
			containerPortal = 760EC1C42121706B005F6870 /* Project object */;
			proxyType = 1;
			remoteGlobalIDString = 760EC1F3212171EB005F6870;
			remoteInfo = PKSimplePdfReader;
		};
/* End PBXContainerItemProxy section */

/* Begin PBXCopyFilesBuildPhase section */
		760EC20E212171EC005F6870 /* Embed Frameworks */ = {
			isa = PBXCopyFilesBuildPhase;
			buildActionMask = 2147483647;
			dstPath = "";
			dstSubfolderSpec = 10;
			files = (
				760EC20A212171EC005F6870 /* PKSimplePdfReader.framework in Embed Frameworks */,
			);
			name = "Embed Frameworks";
			runOnlyForDeploymentPostprocessing = 0;
		};
/* End PBXCopyFilesBuildPhase section */

/* Begin PBXFileReference section */
		760EC1CC2121706B005F6870 /* PKSimplePdfReaderDemo.app */ = {isa = PBXFileReference; explicitFileType = wrapper.application; includeInIndex = 0; path = PKSimplePdfReaderDemo.app; sourceTree = BUILT_PRODUCTS_DIR; };
		760EC1CF2121706B005F6870 /* AppDelegate.swift */ = {isa = PBXFileReference; lastKnownFileType = sourcecode.swift; path = AppDelegate.swift; sourceTree = "<group>"; };
		760EC1D12121706B005F6870 /* ViewController.swift */ = {isa = PBXFileReference; lastKnownFileType = sourcecode.swift; path = ViewController.swift; sourceTree = "<group>"; };
		760EC1D42121706C005F6870 /* Base */ = {isa = PBXFileReference; lastKnownFileType = file.storyboard; name = Base; path = Base.lproj/Main.storyboard; sourceTree = "<group>"; };
		760EC1D62121706F005F6870 /* Assets.xcassets */ = {isa = PBXFileReference; lastKnownFileType = folder.assetcatalog; path = Assets.xcassets; sourceTree = "<group>"; };
		760EC1D92121706F005F6870 /* Base */ = {isa = PBXFileReference; lastKnownFileType = file.storyboard; name = Base; path = Base.lproj/LaunchScreen.storyboard; sourceTree = "<group>"; };
		760EC1DB2121706F005F6870 /* Info.plist */ = {isa = PBXFileReference; lastKnownFileType = text.plist.xml; path = Info.plist; sourceTree = "<group>"; };
		760EC1F4212171EB005F6870 /* PKSimplePdfReader.framework */ = {isa = PBXFileReference; explicitFileType = wrapper.framework; includeInIndex = 0; path = PKSimplePdfReader.framework; sourceTree = BUILT_PRODUCTS_DIR; };
		760EC1F6212171EB005F6870 /* PKSimplePdfReader.h */ = {isa = PBXFileReference; lastKnownFileType = sourcecode.c.h; path = PKSimplePdfReader.h; sourceTree = "<group>"; };
		760EC1F7212171EB005F6870 /* Info.plist */ = {isa = PBXFileReference; lastKnownFileType = text.plist.xml; path = Info.plist; sourceTree = "<group>"; };
		760EC1FC212171EC005F6870 /* PKSimplePdfReaderTests.xctest */ = {isa = PBXFileReference; explicitFileType = wrapper.cfbundle; includeInIndex = 0; path = PKSimplePdfReaderTests.xctest; sourceTree = BUILT_PRODUCTS_DIR; };
		760EC203212171EC005F6870 /* PKSimplePdfReaderTests.swift */ = {isa = PBXFileReference; lastKnownFileType = sourcecode.swift; path = PKSimplePdfReaderTests.swift; sourceTree = "<group>"; };
		760EC205212171EC005F6870 /* Info.plist */ = {isa = PBXFileReference; lastKnownFileType = text.plist.xml; path = Info.plist; sourceTree = "<group>"; };
		760EC21321217263005F6870 /* ContentPageView.swift */ = {isa = PBXFileReference; fileEncoding = 4; lastKnownFileType = sourcecode.swift; path = ContentPageView.swift; sourceTree = "<group>"; };
		760EC21421217263005F6870 /* PKCurlReader.swift */ = {isa = PBXFileReference; fileEncoding = 4; lastKnownFileType = sourcecode.swift; path = PKCurlReader.swift; sourceTree = "<group>"; };
		760EC21521217263005F6870 /* ScrollView.swift */ = {isa = PBXFileReference; fileEncoding = 4; lastKnownFileType = sourcecode.swift; path = ScrollView.swift; sourceTree = "<group>"; };
		760EC21621217263005F6870 /* ContentViewController.swift */ = {isa = PBXFileReference; fileEncoding = 4; lastKnownFileType = sourcecode.swift; path = ContentViewController.swift; sourceTree = "<group>"; };
		760EC21721217263005F6870 /* ThumbnailViewController.swift */ = {isa = PBXFileReference; fileEncoding = 4; lastKnownFileType = sourcecode.swift; path = ThumbnailViewController.swift; sourceTree = "<group>"; };
		760EC21821217263005F6870 /* Slider.swift */ = {isa = PBXFileReference; fileEncoding = 4; lastKnownFileType = sourcecode.swift; path = Slider.swift; sourceTree = "<group>"; };
		760EC220212175A6005F6870 /* input_pdf1.pdf */ = {isa = PBXFileReference; lastKnownFileType = image.pdf; path = input_pdf1.pdf; sourceTree = "<group>"; };
		760EC22221217779005F6870 /* PKSimplePdfReader.swift */ = {isa = PBXFileReference; lastKnownFileType = sourcecode.swift; path = PKSimplePdfReader.swift; sourceTree = "<group>"; };
		7621524A212E2E9E0035B0CF /* CropMarginViewController.swift */ = {isa = PBXFileReference; lastKnownFileType = sourcecode.swift; path = CropMarginViewController.swift; sourceTree = "<group>"; };
		7621524D212FEB0C0035B0CF /* CropHandleView.swift */ = {isa = PBXFileReference; lastKnownFileType = sourcecode.swift; path = CropHandleView.swift; sourceTree = "<group>"; };
		7621524F212FEBBA0035B0CF /* CropManipulateView.swift */ = {isa = PBXFileReference; lastKnownFileType = sourcecode.swift; path = CropManipulateView.swift; sourceTree = "<group>"; };
		7621529B21353B150035B0CF /* MD5Digest.swift */ = {isa = PBXFileReference; lastKnownFileType = sourcecode.swift; path = MD5Digest.swift; sourceTree = "<group>"; };
		762152A921367C200035B0CF /* ThumbnailCell.swift */ = {isa = PBXFileReference; lastKnownFileType = sourcecode.swift; path = ThumbnailCell.swift; sourceTree = "<group>"; };
		762152E42136D7340035B0CF /* Extensions.swift */ = {isa = PBXFileReference; lastKnownFileType = sourcecode.swift; path = Extensions.swift; sourceTree = "<group>"; };
		762B3A56213B7E29005100DB /* ThumbnailStore.swift */ = {isa = PBXFileReference; lastKnownFileType = sourcecode.swift; path = ThumbnailStore.swift; sourceTree = "<group>"; };
		76B1CE3C2146A5E30037B6FC /* PDFKitReader.swift */ = {isa = PBXFileReference; lastKnownFileType = sourcecode.swift; path = PDFKitReader.swift; sourceTree = "<group>"; };
		76BDEEC3213CDF8D00C6AD0E /* input_pdf.pdf */ = {isa = PBXFileReference; lastKnownFileType = image.pdf; path = input_pdf.pdf; sourceTree = "<group>"; };
/* End PBXFileReference section */

/* Begin PBXFrameworksBuildPhase section */
		760EC1C92121706B005F6870 /* Frameworks */ = {
			isa = PBXFrameworksBuildPhase;
			buildActionMask = 2147483647;
			files = (
			);
			runOnlyForDeploymentPostprocessing = 0;
		};
		760EC1F0212171EB005F6870 /* Frameworks */ = {
			isa = PBXFrameworksBuildPhase;
			buildActionMask = 2147483647;
			files = (
			);
			runOnlyForDeploymentPostprocessing = 0;
		};
		760EC1F9212171EC005F6870 /* Frameworks */ = {
			isa = PBXFrameworksBuildPhase;
			buildActionMask = 2147483647;
			files = (
				760EC1FD212171EC005F6870 /* PKSimplePdfReader.framework in Frameworks */,
			);
			runOnlyForDeploymentPostprocessing = 0;
		};
/* End PBXFrameworksBuildPhase section */

/* Begin PBXGroup section */
		760EC1C32121706B005F6870 = {
			isa = PBXGroup;
			children = (
				760EC1CE2121706B005F6870 /* PKSimplePdfReaderDemo */,
				760EC1F5212171EB005F6870 /* PKSimplePdfReader */,
				760EC202212171EC005F6870 /* PKSimplePdfReaderTests */,
				760EC1CD2121706B005F6870 /* Products */,
			);
			sourceTree = "<group>";
		};
		760EC1CD2121706B005F6870 /* Products */ = {
			isa = PBXGroup;
			children = (
				760EC1CC2121706B005F6870 /* PKSimplePdfReaderDemo.app */,
				760EC1F4212171EB005F6870 /* PKSimplePdfReader.framework */,
				760EC1FC212171EC005F6870 /* PKSimplePdfReaderTests.xctest */,
			);
			name = Products;
			sourceTree = "<group>";
		};
		760EC1CE2121706B005F6870 /* PKSimplePdfReaderDemo */ = {
			isa = PBXGroup;
			children = (
				760EC1CF2121706B005F6870 /* AppDelegate.swift */,
				760EC1D12121706B005F6870 /* ViewController.swift */,
				760EC1D32121706C005F6870 /* Main.storyboard */,
				760EC1D62121706F005F6870 /* Assets.xcassets */,
				760EC1D82121706F005F6870 /* LaunchScreen.storyboard */,
				760EC1DB2121706F005F6870 /* Info.plist */,
				760EC220212175A6005F6870 /* input_pdf1.pdf */,
				76BDEEC3213CDF8D00C6AD0E /* input_pdf.pdf */,
			);
			path = PKSimplePdfReaderDemo;
			sourceTree = "<group>";
		};
		760EC1F5212171EB005F6870 /* PKSimplePdfReader */ = {
			isa = PBXGroup;
			children = (
				760EC21221217263005F6870 /* Sources */,
				760EC1F6212171EB005F6870 /* PKSimplePdfReader.h */,
				760EC1F7212171EB005F6870 /* Info.plist */,
			);
			path = PKSimplePdfReader;
			sourceTree = "<group>";
		};
		760EC202212171EC005F6870 /* PKSimplePdfReaderTests */ = {
			isa = PBXGroup;
			children = (
				760EC203212171EC005F6870 /* PKSimplePdfReaderTests.swift */,
				760EC205212171EC005F6870 /* Info.plist */,
			);
			path = PKSimplePdfReaderTests;
			sourceTree = "<group>";
		};
		760EC21221217263005F6870 /* Sources */ = {
			isa = PBXGroup;
			children = (
				760EC22221217779005F6870 /* PKSimplePdfReader.swift */,
				760EC21421217263005F6870 /* PKCurlReader.swift */,
				760EC21621217263005F6870 /* ContentViewController.swift */,
				760EC21521217263005F6870 /* ScrollView.swift */,
				760EC21321217263005F6870 /* ContentPageView.swift */,
				760EC21821217263005F6870 /* Slider.swift */,
				76B1CE3C2146A5E30037B6FC /* PDFKitReader.swift */,
				762152A821367BEC0035B0CF /* Thumbnail */,
				7621524C212FEAA90035B0CF /* Crop */,
				762152E32136D70E0035B0CF /* Extensions */,
				7621529D213570BF0035B0CF /* Lib */,
			);
			path = Sources;
			sourceTree = "<group>";
		};
		7621524C212FEAA90035B0CF /* Crop */ = {
			isa = PBXGroup;
			children = (
				7621524A212E2E9E0035B0CF /* CropMarginViewController.swift */,
				7621524F212FEBBA0035B0CF /* CropManipulateView.swift */,
				7621524D212FEB0C0035B0CF /* CropHandleView.swift */,
			);
			path = Crop;
			sourceTree = "<group>";
		};
		7621529D213570BF0035B0CF /* Lib */ = {
			isa = PBXGroup;
			children = (
				7621529B21353B150035B0CF /* MD5Digest.swift */,
			);
			path = Lib;
			sourceTree = "<group>";
		};
		762152A821367BEC0035B0CF /* Thumbnail */ = {
			isa = PBXGroup;
			children = (
				760EC21721217263005F6870 /* ThumbnailViewController.swift */,
				762152A921367C200035B0CF /* ThumbnailCell.swift */,
				762B3A56213B7E29005100DB /* ThumbnailStore.swift */,
			);
			path = Thumbnail;
			sourceTree = "<group>";
		};
		762152E32136D70E0035B0CF /* Extensions */ = {
			isa = PBXGroup;
			children = (
				762152E42136D7340035B0CF /* Extensions.swift */,
			);
			path = Extensions;
			sourceTree = "<group>";
		};
/* End PBXGroup section */

/* Begin PBXHeadersBuildPhase section */
		760EC1F1212171EB005F6870 /* Headers */ = {
			isa = PBXHeadersBuildPhase;
			buildActionMask = 2147483647;
			files = (
				760EC206212171EC005F6870 /* PKSimplePdfReader.h in Headers */,
			);
			runOnlyForDeploymentPostprocessing = 0;
		};
/* End PBXHeadersBuildPhase section */

/* Begin PBXNativeTarget section */
		760EC1CB2121706B005F6870 /* PKSimplePdfReaderDemo */ = {
			isa = PBXNativeTarget;
			buildConfigurationList = 760EC1E921217070005F6870 /* Build configuration list for PBXNativeTarget "PKSimplePdfReaderDemo" */;
			buildPhases = (
				760EC1C82121706B005F6870 /* Sources */,
				760EC1C92121706B005F6870 /* Frameworks */,
				760EC1CA2121706B005F6870 /* Resources */,
				760EC20E212171EC005F6870 /* Embed Frameworks */,
			);
			buildRules = (
			);
			dependencies = (
				760EC208212171EC005F6870 /* PBXTargetDependency */,
			);
			name = PKSimplePdfReaderDemo;
			productName = PKSimplePdfReader;
			productReference = 760EC1CC2121706B005F6870 /* PKSimplePdfReaderDemo.app */;
			productType = "com.apple.product-type.application";
		};
		760EC1F3212171EB005F6870 /* PKSimplePdfReader */ = {
			isa = PBXNativeTarget;
			buildConfigurationList = 760EC20B212171EC005F6870 /* Build configuration list for PBXNativeTarget "PKSimplePdfReader" */;
			buildPhases = (
				760EC1EF212171EB005F6870 /* Sources */,
				760EC1F0212171EB005F6870 /* Frameworks */,
				760EC1F1212171EB005F6870 /* Headers */,
				760EC1F2212171EB005F6870 /* Resources */,
			);
			buildRules = (
			);
			dependencies = (
			);
			name = PKSimplePdfReader;
			productName = PKSimplePdfReader;
			productReference = 760EC1F4212171EB005F6870 /* PKSimplePdfReader.framework */;
			productType = "com.apple.product-type.framework";
		};
		760EC1FB212171EC005F6870 /* PKSimplePdfReaderTests */ = {
			isa = PBXNativeTarget;
			buildConfigurationList = 760EC20F212171EC005F6870 /* Build configuration list for PBXNativeTarget "PKSimplePdfReaderTests" */;
			buildPhases = (
				760EC1F8212171EC005F6870 /* Sources */,
				760EC1F9212171EC005F6870 /* Frameworks */,
				760EC1FA212171EC005F6870 /* Resources */,
			);
			buildRules = (
			);
			dependencies = (
				760EC1FF212171EC005F6870 /* PBXTargetDependency */,
				760EC201212171EC005F6870 /* PBXTargetDependency */,
			);
			name = PKSimplePdfReaderTests;
			productName = PKSimplePdfReaderTests;
			productReference = 760EC1FC212171EC005F6870 /* PKSimplePdfReaderTests.xctest */;
			productType = "com.apple.product-type.bundle.unit-test";
		};
/* End PBXNativeTarget section */

/* Begin PBXProject section */
		760EC1C42121706B005F6870 /* Project object */ = {
			isa = PBXProject;
			attributes = {
				LastSwiftUpdateCheck = 0940;
				LastUpgradeCheck = 0940;
				ORGANIZATIONNAME = K.Nakano;
				TargetAttributes = {
					760EC1CB2121706B005F6870 = {
						CreatedOnToolsVersion = 9.4.1;
					};
					760EC1F3212171EB005F6870 = {
						CreatedOnToolsVersion = 9.4.1;
						LastSwiftMigration = 0940;
					};
					760EC1FB212171EC005F6870 = {
						CreatedOnToolsVersion = 9.4.1;
						TestTargetID = 760EC1CB2121706B005F6870;
					};
				};
			};
			buildConfigurationList = 760EC1C72121706B005F6870 /* Build configuration list for PBXProject "PKSimplePdfReader" */;
			compatibilityVersion = "Xcode 9.3";
			developmentRegion = en;
			hasScannedForEncodings = 0;
			knownRegions = (
				en,
				Base,
			);
			mainGroup = 760EC1C32121706B005F6870;
			productRefGroup = 760EC1CD2121706B005F6870 /* Products */;
			projectDirPath = "";
			projectRoot = "";
			targets = (
				760EC1CB2121706B005F6870 /* PKSimplePdfReaderDemo */,
				760EC1F3212171EB005F6870 /* PKSimplePdfReader */,
				760EC1FB212171EC005F6870 /* PKSimplePdfReaderTests */,
			);
		};
/* End PBXProject section */

/* Begin PBXResourcesBuildPhase section */
		760EC1CA2121706B005F6870 /* Resources */ = {
			isa = PBXResourcesBuildPhase;
			buildActionMask = 2147483647;
			files = (
				760EC1DA2121706F005F6870 /* LaunchScreen.storyboard in Resources */,
				76BDEEC4213CDF8D00C6AD0E /* input_pdf.pdf in Resources */,
				760EC1D72121706F005F6870 /* Assets.xcassets in Resources */,
				760EC221212175A6005F6870 /* input_pdf1.pdf in Resources */,
				760EC1D52121706C005F6870 /* Main.storyboard in Resources */,
			);
			runOnlyForDeploymentPostprocessing = 0;
		};
		760EC1F2212171EB005F6870 /* Resources */ = {
			isa = PBXResourcesBuildPhase;
			buildActionMask = 2147483647;
			files = (
			);
			runOnlyForDeploymentPostprocessing = 0;
		};
		760EC1FA212171EC005F6870 /* Resources */ = {
			isa = PBXResourcesBuildPhase;
			buildActionMask = 2147483647;
			files = (
			);
			runOnlyForDeploymentPostprocessing = 0;
		};
/* End PBXResourcesBuildPhase section */

/* Begin PBXSourcesBuildPhase section */
		760EC1C82121706B005F6870 /* Sources */ = {
			isa = PBXSourcesBuildPhase;
			buildActionMask = 2147483647;
			files = (
				760EC1D22121706B005F6870 /* ViewController.swift in Sources */,
				760EC1D02121706B005F6870 /* AppDelegate.swift in Sources */,
			);
			runOnlyForDeploymentPostprocessing = 0;
		};
		760EC1EF212171EB005F6870 /* Sources */ = {
			isa = PBXSourcesBuildPhase;
			buildActionMask = 2147483647;
			files = (
				760EC21A21217264005F6870 /* PKCurlReader.swift in Sources */,
				7621524E212FEB0C0035B0CF /* CropHandleView.swift in Sources */,
				76B1CE3D2146A5E30037B6FC /* PDFKitReader.swift in Sources */,
				760EC21D21217264005F6870 /* ThumbnailViewController.swift in Sources */,
				7621529C21353B150035B0CF /* MD5Digest.swift in Sources */,
				762B3A57213B7E29005100DB /* ThumbnailStore.swift in Sources */,
				7621524B212E2E9E0035B0CF /* CropMarginViewController.swift in Sources */,
				76215250212FEBBA0035B0CF /* CropManipulateView.swift in Sources */,
				762152AA21367C200035B0CF /* ThumbnailCell.swift in Sources */,
				760EC21C21217264005F6870 /* ContentViewController.swift in Sources */,
				762152E52136D7340035B0CF /* Extensions.swift in Sources */,
				760EC21E21217264005F6870 /* Slider.swift in Sources */,
				760EC21B21217264005F6870 /* ScrollView.swift in Sources */,
				760EC22321217779005F6870 /* PKSimplePdfReader.swift in Sources */,
				760EC21921217264005F6870 /* ContentPageView.swift in Sources */,
			);
			runOnlyForDeploymentPostprocessing = 0;
		};
		760EC1F8212171EC005F6870 /* Sources */ = {
			isa = PBXSourcesBuildPhase;
			buildActionMask = 2147483647;
			files = (
				760EC204212171EC005F6870 /* PKSimplePdfReaderTests.swift in Sources */,
			);
			runOnlyForDeploymentPostprocessing = 0;
		};
/* End PBXSourcesBuildPhase section */

/* Begin PBXTargetDependency section */
		760EC1FF212171EC005F6870 /* PBXTargetDependency */ = {
			isa = PBXTargetDependency;
			target = 760EC1F3212171EB005F6870 /* PKSimplePdfReader */;
			targetProxy = 760EC1FE212171EC005F6870 /* PBXContainerItemProxy */;
		};
		760EC201212171EC005F6870 /* PBXTargetDependency */ = {
			isa = PBXTargetDependency;
			target = 760EC1CB2121706B005F6870 /* PKSimplePdfReaderDemo */;
			targetProxy = 760EC200212171EC005F6870 /* PBXContainerItemProxy */;
		};
		760EC208212171EC005F6870 /* PBXTargetDependency */ = {
			isa = PBXTargetDependency;
			target = 760EC1F3212171EB005F6870 /* PKSimplePdfReader */;
			targetProxy = 760EC207212171EC005F6870 /* PBXContainerItemProxy */;
		};
/* End PBXTargetDependency section */

/* Begin PBXVariantGroup section */
		760EC1D32121706C005F6870 /* Main.storyboard */ = {
			isa = PBXVariantGroup;
			children = (
				760EC1D42121706C005F6870 /* Base */,
			);
			name = Main.storyboard;
			sourceTree = "<group>";
		};
		760EC1D82121706F005F6870 /* LaunchScreen.storyboard */ = {
			isa = PBXVariantGroup;
			children = (
				760EC1D92121706F005F6870 /* Base */,
			);
			name = LaunchScreen.storyboard;
			sourceTree = "<group>";
		};
/* End PBXVariantGroup section */

/* Begin XCBuildConfiguration section */
		760EC1E721217070005F6870 /* Debug */ = {
			isa = XCBuildConfiguration;
			buildSettings = {
				ALWAYS_SEARCH_USER_PATHS = NO;
				CLANG_ANALYZER_NONNULL = YES;
				CLANG_ANALYZER_NUMBER_OBJECT_CONVERSION = YES_AGGRESSIVE;
				CLANG_CXX_LANGUAGE_STANDARD = "gnu++14";
				CLANG_CXX_LIBRARY = "libc++";
				CLANG_ENABLE_MODULES = YES;
				CLANG_ENABLE_OBJC_ARC = YES;
				CLANG_ENABLE_OBJC_WEAK = YES;
				CLANG_WARN_BLOCK_CAPTURE_AUTORELEASING = YES;
				CLANG_WARN_BOOL_CONVERSION = YES;
				CLANG_WARN_COMMA = YES;
				CLANG_WARN_CONSTANT_CONVERSION = YES;
				CLANG_WARN_DEPRECATED_OBJC_IMPLEMENTATIONS = YES;
				CLANG_WARN_DIRECT_OBJC_ISA_USAGE = YES_ERROR;
				CLANG_WARN_DOCUMENTATION_COMMENTS = YES;
				CLANG_WARN_EMPTY_BODY = YES;
				CLANG_WARN_ENUM_CONVERSION = YES;
				CLANG_WARN_INFINITE_RECURSION = YES;
				CLANG_WARN_INT_CONVERSION = YES;
				CLANG_WARN_NON_LITERAL_NULL_CONVERSION = YES;
				CLANG_WARN_OBJC_IMPLICIT_RETAIN_SELF = YES;
				CLANG_WARN_OBJC_LITERAL_CONVERSION = YES;
				CLANG_WARN_OBJC_ROOT_CLASS = YES_ERROR;
				CLANG_WARN_RANGE_LOOP_ANALYSIS = YES;
				CLANG_WARN_STRICT_PROTOTYPES = YES;
				CLANG_WARN_SUSPICIOUS_MOVE = YES;
				CLANG_WARN_UNGUARDED_AVAILABILITY = YES_AGGRESSIVE;
				CLANG_WARN_UNREACHABLE_CODE = YES;
				CLANG_WARN__DUPLICATE_METHOD_MATCH = YES;
				CODE_SIGN_IDENTITY = "iPhone Developer";
				COPY_PHASE_STRIP = NO;
				DEBUG_INFORMATION_FORMAT = dwarf;
				ENABLE_STRICT_OBJC_MSGSEND = YES;
				ENABLE_TESTABILITY = YES;
				GCC_C_LANGUAGE_STANDARD = gnu11;
				GCC_DYNAMIC_NO_PIC = NO;
				GCC_NO_COMMON_BLOCKS = YES;
				GCC_OPTIMIZATION_LEVEL = 0;
				GCC_PREPROCESSOR_DEFINITIONS = (
					"DEBUG=1",
					"$(inherited)",
				);
				GCC_WARN_64_TO_32_BIT_CONVERSION = YES;
				GCC_WARN_ABOUT_RETURN_TYPE = YES_ERROR;
				GCC_WARN_UNDECLARED_SELECTOR = YES;
				GCC_WARN_UNINITIALIZED_AUTOS = YES_AGGRESSIVE;
				GCC_WARN_UNUSED_FUNCTION = YES;
				GCC_WARN_UNUSED_VARIABLE = YES;
				IPHONEOS_DEPLOYMENT_TARGET = 11.0;
				MTL_ENABLE_DEBUG_INFO = YES;
				ONLY_ACTIVE_ARCH = YES;
				SDKROOT = iphoneos;
				SWIFT_ACTIVE_COMPILATION_CONDITIONS = DEBUG;
				SWIFT_OPTIMIZATION_LEVEL = "-Onone";
			};
			name = Debug;
		};
		760EC1E821217070005F6870 /* Release */ = {
			isa = XCBuildConfiguration;
			buildSettings = {
				ALWAYS_SEARCH_USER_PATHS = NO;
				CLANG_ANALYZER_NONNULL = YES;
				CLANG_ANALYZER_NUMBER_OBJECT_CONVERSION = YES_AGGRESSIVE;
				CLANG_CXX_LANGUAGE_STANDARD = "gnu++14";
				CLANG_CXX_LIBRARY = "libc++";
				CLANG_ENABLE_MODULES = YES;
				CLANG_ENABLE_OBJC_ARC = YES;
				CLANG_ENABLE_OBJC_WEAK = YES;
				CLANG_WARN_BLOCK_CAPTURE_AUTORELEASING = YES;
				CLANG_WARN_BOOL_CONVERSION = YES;
				CLANG_WARN_COMMA = YES;
				CLANG_WARN_CONSTANT_CONVERSION = YES;
				CLANG_WARN_DEPRECATED_OBJC_IMPLEMENTATIONS = YES;
				CLANG_WARN_DIRECT_OBJC_ISA_USAGE = YES_ERROR;
				CLANG_WARN_DOCUMENTATION_COMMENTS = YES;
				CLANG_WARN_EMPTY_BODY = YES;
				CLANG_WARN_ENUM_CONVERSION = YES;
				CLANG_WARN_INFINITE_RECURSION = YES;
				CLANG_WARN_INT_CONVERSION = YES;
				CLANG_WARN_NON_LITERAL_NULL_CONVERSION = YES;
				CLANG_WARN_OBJC_IMPLICIT_RETAIN_SELF = YES;
				CLANG_WARN_OBJC_LITERAL_CONVERSION = YES;
				CLANG_WARN_OBJC_ROOT_CLASS = YES_ERROR;
				CLANG_WARN_RANGE_LOOP_ANALYSIS = YES;
				CLANG_WARN_STRICT_PROTOTYPES = YES;
				CLANG_WARN_SUSPICIOUS_MOVE = YES;
				CLANG_WARN_UNGUARDED_AVAILABILITY = YES_AGGRESSIVE;
				CLANG_WARN_UNREACHABLE_CODE = YES;
				CLANG_WARN__DUPLICATE_METHOD_MATCH = YES;
				CODE_SIGN_IDENTITY = "iPhone Developer";
				COPY_PHASE_STRIP = NO;
				DEBUG_INFORMATION_FORMAT = "dwarf-with-dsym";
				ENABLE_NS_ASSERTIONS = NO;
				ENABLE_STRICT_OBJC_MSGSEND = YES;
				GCC_C_LANGUAGE_STANDARD = gnu11;
				GCC_NO_COMMON_BLOCKS = YES;
				GCC_WARN_64_TO_32_BIT_CONVERSION = YES;
				GCC_WARN_ABOUT_RETURN_TYPE = YES_ERROR;
				GCC_WARN_UNDECLARED_SELECTOR = YES;
				GCC_WARN_UNINITIALIZED_AUTOS = YES_AGGRESSIVE;
				GCC_WARN_UNUSED_FUNCTION = YES;
				GCC_WARN_UNUSED_VARIABLE = YES;
				IPHONEOS_DEPLOYMENT_TARGET = 11.0;
				MTL_ENABLE_DEBUG_INFO = NO;
				SDKROOT = iphoneos;
				SWIFT_COMPILATION_MODE = wholemodule;
				SWIFT_OPTIMIZATION_LEVEL = "-O";
				VALIDATE_PRODUCT = YES;
			};
			name = Release;
		};
		760EC1EA21217070005F6870 /* Debug */ = {
			isa = XCBuildConfiguration;
			buildSettings = {
				ALWAYS_EMBED_SWIFT_STANDARD_LIBRARIES = YES;
				ASSETCATALOG_COMPILER_APPICON_NAME = AppIcon;
				CODE_SIGN_STYLE = Automatic;
				DEVELOPMENT_TEAM = TRAN45GAUU;
				INFOPLIST_FILE = "$(SRCROOT)/PKSimplePdfReaderDemo/Info.plist";
				LD_RUNPATH_SEARCH_PATHS = (
					"$(inherited)",
					"@executable_path/Frameworks",
				);
				PRODUCT_BUNDLE_IDENTIFIER = com.github.nakanoknj.PKSimplePdfReaderDemo;
				PRODUCT_NAME = "$(TARGET_NAME)";
				SWIFT_VERSION = 4.0;
				TARGETED_DEVICE_FAMILY = "1,2";
			};
			name = Debug;
		};
		760EC1EB21217070005F6870 /* Release */ = {
			isa = XCBuildConfiguration;
			buildSettings = {
				ALWAYS_EMBED_SWIFT_STANDARD_LIBRARIES = YES;
				ASSETCATALOG_COMPILER_APPICON_NAME = AppIcon;
				CODE_SIGN_STYLE = Automatic;
				DEVELOPMENT_TEAM = TRAN45GAUU;
				INFOPLIST_FILE = "$(SRCROOT)/PKSimplePdfReaderDemo/Info.plist";
				LD_RUNPATH_SEARCH_PATHS = (
					"$(inherited)",
					"@executable_path/Frameworks",
				);
				PRODUCT_BUNDLE_IDENTIFIER = com.github.nakanoknj.PKSimplePdfReaderDemo;
				PRODUCT_NAME = "$(TARGET_NAME)";
				SWIFT_VERSION = 4.0;
				TARGETED_DEVICE_FAMILY = "1,2";
			};
			name = Release;
		};
		760EC20C212171EC005F6870 /* Debug */ = {
			isa = XCBuildConfiguration;
			buildSettings = {
				CLANG_ENABLE_MODULES = YES;
				CODE_SIGN_IDENTITY = "";
				CODE_SIGN_STYLE = Automatic;
				CURRENT_PROJECT_VERSION = 1;
				DEFINES_MODULE = YES;
				DEVELOPMENT_TEAM = TRAN45GAUU;
				DYLIB_COMPATIBILITY_VERSION = 1;
				DYLIB_CURRENT_VERSION = 1;
				DYLIB_INSTALL_NAME_BASE = "@rpath";
				INFOPLIST_FILE = PKSimplePdfReader/Info.plist;
				INSTALL_PATH = "$(LOCAL_LIBRARY_DIR)/Frameworks";
				IPHONEOS_DEPLOYMENT_TARGET = 11.0;
				LD_RUNPATH_SEARCH_PATHS = (
					"$(inherited)",
					"@executable_path/Frameworks",
					"@loader_path/Frameworks",
				);
				PRODUCT_BUNDLE_IDENTIFIER = com.github.nakanoknj.PKSimplePdfReader;
				PRODUCT_NAME = "$(TARGET_NAME:c99extidentifier)";
				SKIP_INSTALL = YES;
				SWIFT_OPTIMIZATION_LEVEL = "-Onone";
				SWIFT_VERSION = 4.0;
				TARGETED_DEVICE_FAMILY = "1,2";
				VERSIONING_SYSTEM = "apple-generic";
				VERSION_INFO_PREFIX = "";
			};
			name = Debug;
		};
		760EC20D212171EC005F6870 /* Release */ = {
			isa = XCBuildConfiguration;
			buildSettings = {
				CLANG_ENABLE_MODULES = YES;
				CODE_SIGN_IDENTITY = "";
				CODE_SIGN_STYLE = Automatic;
				CURRENT_PROJECT_VERSION = 1;
				DEFINES_MODULE = YES;
				DEVELOPMENT_TEAM = TRAN45GAUU;
				DYLIB_COMPATIBILITY_VERSION = 1;
				DYLIB_CURRENT_VERSION = 1;
				DYLIB_INSTALL_NAME_BASE = "@rpath";
				INFOPLIST_FILE = PKSimplePdfReader/Info.plist;
				INSTALL_PATH = "$(LOCAL_LIBRARY_DIR)/Frameworks";
				IPHONEOS_DEPLOYMENT_TARGET = 11.0;
				LD_RUNPATH_SEARCH_PATHS = (
					"$(inherited)",
					"@executable_path/Frameworks",
					"@loader_path/Frameworks",
				);
				PRODUCT_BUNDLE_IDENTIFIER = com.github.nakanoknj.PKSimplePdfReader;
				PRODUCT_NAME = "$(TARGET_NAME:c99extidentifier)";
				SKIP_INSTALL = YES;
				SWIFT_VERSION = 4.0;
				TARGETED_DEVICE_FAMILY = "1,2";
				VERSIONING_SYSTEM = "apple-generic";
				VERSION_INFO_PREFIX = "";
			};
			name = Release;
		};
		760EC210212171EC005F6870 /* Debug */ = {
			isa = XCBuildConfiguration;
			buildSettings = {
				ALWAYS_EMBED_SWIFT_STANDARD_LIBRARIES = YES;
				CODE_SIGN_STYLE = Automatic;
				DEVELOPMENT_TEAM = TRAN45GAUU;
				INFOPLIST_FILE = PKSimplePdfReaderTests/Info.plist;
				IPHONEOS_DEPLOYMENT_TARGET = 11.4;
				LD_RUNPATH_SEARCH_PATHS = (
					"$(inherited)",
					"@executable_path/Frameworks",
					"@loader_path/Frameworks",
				);
				PRODUCT_BUNDLE_IDENTIFIER = com.github.nakanoknj.PKSimplePdfReaderTests;
				PRODUCT_NAME = "$(TARGET_NAME)";
				SWIFT_VERSION = 4.0;
				TARGETED_DEVICE_FAMILY = "1,2";
				TEST_HOST = "$(BUILT_PRODUCTS_DIR)/PKSimplePdfReaderDemo.app/PKSimplePdfReaderDemo";
			};
			name = Debug;
		};
		760EC211212171EC005F6870 /* Release */ = {
			isa = XCBuildConfiguration;
			buildSettings = {
				ALWAYS_EMBED_SWIFT_STANDARD_LIBRARIES = YES;
				CODE_SIGN_STYLE = Automatic;
				DEVELOPMENT_TEAM = TRAN45GAUU;
				INFOPLIST_FILE = PKSimplePdfReaderTests/Info.plist;
				IPHONEOS_DEPLOYMENT_TARGET = 11.4;
				LD_RUNPATH_SEARCH_PATHS = (
					"$(inherited)",
					"@executable_path/Frameworks",
					"@loader_path/Frameworks",
				);
				PRODUCT_BUNDLE_IDENTIFIER = com.github.nakanoknj.PKSimplePdfReaderTests;
				PRODUCT_NAME = "$(TARGET_NAME)";
				SWIFT_VERSION = 4.0;
				TARGETED_DEVICE_FAMILY = "1,2";
				TEST_HOST = "$(BUILT_PRODUCTS_DIR)/PKSimplePdfReaderDemo.app/PKSimplePdfReaderDemo";
			};
			name = Release;
		};
/* End XCBuildConfiguration section */

/* Begin XCConfigurationList section */
		760EC1C72121706B005F6870 /* Build configuration list for PBXProject "PKSimplePdfReader" */ = {
			isa = XCConfigurationList;
			buildConfigurations = (
				760EC1E721217070005F6870 /* Debug */,
				760EC1E821217070005F6870 /* Release */,
			);
			defaultConfigurationIsVisible = 0;
			defaultConfigurationName = Release;
		};
		760EC1E921217070005F6870 /* Build configuration list for PBXNativeTarget "PKSimplePdfReaderDemo" */ = {
			isa = XCConfigurationList;
			buildConfigurations = (
				760EC1EA21217070005F6870 /* Debug */,
				760EC1EB21217070005F6870 /* Release */,
			);
			defaultConfigurationIsVisible = 0;
			defaultConfigurationName = Release;
		};
		760EC20B212171EC005F6870 /* Build configuration list for PBXNativeTarget "PKSimplePdfReader" */ = {
			isa = XCConfigurationList;
			buildConfigurations = (
				760EC20C212171EC005F6870 /* Debug */,
				760EC20D212171EC005F6870 /* Release */,
			);
			defaultConfigurationIsVisible = 0;
			defaultConfigurationName = Release;
		};
		760EC20F212171EC005F6870 /* Build configuration list for PBXNativeTarget "PKSimplePdfReaderTests" */ = {
			isa = XCConfigurationList;
			buildConfigurations = (
				760EC210212171EC005F6870 /* Debug */,
				760EC211212171EC005F6870 /* Release */,
			);
			defaultConfigurationIsVisible = 0;
			defaultConfigurationName = Release;
		};
/* End XCConfigurationList section */
	};
	rootObject = 760EC1C42121706B005F6870 /* Project object */;
}
